
Microsoft Visual Studio Solution File, Format Version 12.00
# Visual Studio 15
VisualStudioVersion = 15.0.27130.2024
MinimumVisualStudioVersion = 10.0.40219.1
Project("{FAE04EC0-301F-11D3-BF4B-00C04F79EFBC}") = "Observer", "Observer\Observer.csproj", "{60D93D72-37C8-4B02-8EC8-3095BF521702}"
EndProject
Global
	GlobalSection(SolutionConfigurationPlatforms) = preSolution
		Debug|Any CPU = Debug|Any CPU
		Release|Any CPU = Release|Any CPU
	EndGlobalSection
	GlobalSection(ProjectConfigurationPlatforms) = postSolution
		{60D93D72-37C8-4B02-8EC8-3095BF521702}.Debug|Any CPU.ActiveCfg = Debug|Any CPU
		{60D93D72-37C8-4B02-8EC8-3095BF521702}.Debug|Any CPU.Build.0 = Debug|Any CPU
		{60D93D72-37C8-4B02-8EC8-3095BF521702}.Release|Any CPU.ActiveCfg = Release|Any CPU
		{60D93D72-37C8-4B02-8EC8-3095BF521702}.Release|Any CPU.Build.0 = Release|Any CPU
	EndGlobalSection
	GlobalSection(SolutionProperties) = preSolution
		HideSolutionNode = FALSE
	EndGlobalSection
	GlobalSection(ExtensibilityGlobals) = postSolution
		SolutionGuid = {D2880AD7-54F3-49C0-A72C-F6ABEFBA651F}
	EndGlobalSection
EndGlobal
