
Microsoft Visual Studio Solution File, Format Version 12.00
# Visual Studio 15
VisualStudioVersion = 15.0.28010.2048
MinimumVisualStudioVersion = 10.0.40219.1
Project("{FAE04EC0-301F-11D3-BF4B-00C04F79EFBC}") = "Bridge", "Bridge\Bridge.csproj", "{B500009B-7366-471B-A156-756DB43D1366}"
EndProject
Project("{FAE04EC0-301F-11D3-BF4B-00C04F79EFBC}") = "My_info", "My_info\My_info.csproj", "{62C39F3A-BBE5-4F27-A451-7A0531F171BC}"
EndProject
Global
	GlobalSection(SolutionConfigurationPlatforms) = preSolution
		Debug|Any CPU = Debug|Any CPU
		Release|Any CPU = Release|Any CPU
	EndGlobalSection
	GlobalSection(ProjectConfigurationPlatforms) = postSolution
		{B500009B-7366-471B-A156-756DB43D1366}.Debug|Any CPU.ActiveCfg = Debug|Any CPU
		{B500009B-7366-471B-A156-756DB43D1366}.Debug|Any CPU.Build.0 = Debug|Any CPU
		{B500009B-7366-471B-A156-756DB43D1366}.Release|Any CPU.ActiveCfg = Release|Any CPU
		{B500009B-7366-471B-A156-756DB43D1366}.Release|Any CPU.Build.0 = Release|Any CPU
		{62C39F3A-BBE5-4F27-A451-7A0531F171BC}.Debug|Any CPU.ActiveCfg = Debug|Any CPU
		{62C39F3A-BBE5-4F27-A451-7A0531F171BC}.Debug|Any CPU.Build.0 = Debug|Any CPU
		{62C39F3A-BBE5-4F27-A451-7A0531F171BC}.Release|Any CPU.ActiveCfg = Release|Any CPU
		{62C39F3A-BBE5-4F27-A451-7A0531F171BC}.Release|Any CPU.Build.0 = Release|Any CPU
	EndGlobalSection
	GlobalSection(SolutionProperties) = preSolution
		HideSolutionNode = FALSE
	EndGlobalSection
	GlobalSection(ExtensibilityGlobals) = postSolution
		SolutionGuid = {CC9B8938-3B33-46B7-837A-45A7A7267A34}
	EndGlobalSection
EndGlobal
